// !$*UTF8*$!
{
	archiveVersion = 1;
	classes = {
	};
	objectVersion = 50;
	objects = {

/* Begin PBXBuildFile section */
		F3B318752338E82900A7BAFE /* AppDelegate.swift in Sources */ = {isa = PBXBuildFile; fileRef = F3B318742338E82900A7BAFE /* AppDelegate.swift */; };
		F3B318772338E82900A7BAFE /* SceneDelegate.swift in Sources */ = {isa = PBXBuildFile; fileRef = F3B318762338E82900A7BAFE /* SceneDelegate.swift */; };
		F3B318792338E82900A7BAFE /* ViewController.swift in Sources */ = {isa = PBXBuildFile; fileRef = F3B318782338E82900A7BAFE /* ViewController.swift */; };
		F3B3187C2338E82900A7BAFE /* Main.storyboard in Resources */ = {isa = PBXBuildFile; fileRef = F3B3187A2338E82900A7BAFE /* Main.storyboard */; };
		F3B3187F2338E82900A7BAFE /* Sample.xcdatamodeld in Sources */ = {isa = PBXBuildFile; fileRef = F3B3187D2338E82900A7BAFE /* Sample.xcdatamodeld */; };
		F3B318812338E82A00A7BAFE /* Assets.xcassets in Resources */ = {isa = PBXBuildFile; fileRef = F3B318802338E82A00A7BAFE /* Assets.xcassets */; };
		F3B318842338E82A00A7BAFE /* LaunchScreen.storyboard in Resources */ = {isa = PBXBuildFile; fileRef = F3B318822338E82A00A7BAFE /* LaunchScreen.storyboard */; };
		F3B3188F2338E82A00A7BAFE /* SampleTests.swift in Sources */ = {isa = PBXBuildFile; fileRef = F3B3188E2338E82A00A7BAFE /* SampleTests.swift */; };
		F3B3189A2338E82A00A7BAFE /* SampleUITests.swift in Sources */ = {isa = PBXBuildFile; fileRef = F3B318992338E82A00A7BAFE /* SampleUITests.swift */; };
/* End PBXBuildFile section */

/* Begin PBXContainerItemProxy section */
		F3B3188B2338E82A00A7BAFE /* PBXContainerItemProxy */ = {
			isa = PBXContainerItemProxy;
			containerPortal = F3B318692338E82900A7BAFE /* Project object */;
			proxyType = 1;
			remoteGlobalIDString = F3B318702338E82900A7BAFE;
			remoteInfo = Sample;
		};
		F3B318962338E82A00A7BAFE /* PBXContainerItemProxy */ = {
			isa = PBXContainerItemProxy;
			containerPortal = F3B318692338E82900A7BAFE /* Project object */;
			proxyType = 1;
			remoteGlobalIDString = F3B318702338E82900A7BAFE;
			remoteInfo = Sample;
		};
/* End PBXContainerItemProxy section */

/* Begin PBXFileReference section */
		F3B318712338E82900A7BAFE /* Sample.app */ = {isa = PBXFileReference; explicitFileType = wrapper.application; includeInIndex = 0; path = Sample.app; sourceTree = BUILT_PRODUCTS_DIR; };
		F3B318742338E82900A7BAFE /* AppDelegate.swift */ = {isa = PBXFileReference; lastKnownFileType = sourcecode.swift; path = AppDelegate.swift; sourceTree = "<group>"; };
		F3B318762338E82900A7BAFE /* SceneDelegate.swift */ = {isa = PBXFileReference; lastKnownFileType = sourcecode.swift; path = SceneDelegate.swift; sourceTree = "<group>"; };
		F3B318782338E82900A7BAFE /* ViewController.swift */ = {isa = PBXFileReference; lastKnownFileType = sourcecode.swift; path = ViewController.swift; sourceTree = "<group>"; };
		F3B3187B2338E82900A7BAFE /* Base */ = {isa = PBXFileReference; lastKnownFileType = file.storyboard; name = Base; path = Base.lproj/Main.storyboard; sourceTree = "<group>"; };
		F3B3187E2338E82900A7BAFE /* Sample.xcdatamodel */ = {isa = PBXFileReference; lastKnownFileType = wrapper.xcdatamodel; path = Sample.xcdatamodel; sourceTree = "<group>"; };
		F3B318802338E82A00A7BAFE /* Assets.xcassets */ = {isa = PBXFileReference; lastKnownFileType = folder.assetcatalog; path = Assets.xcassets; sourceTree = "<group>"; };
		F3B318832338E82A00A7BAFE /* Base */ = {isa = PBXFileReference; lastKnownFileType = file.storyboard; name = Base; path = Base.lproj/LaunchScreen.storyboard; sourceTree = "<group>"; };
		F3B318852338E82A00A7BAFE /* Info.plist */ = {isa = PBXFileReference; lastKnownFileType = text.plist.xml; path = Info.plist; sourceTree = "<group>"; };
		F3B3188A2338E82A00A7BAFE /* SampleTests.xctest */ = {isa = PBXFileReference; explicitFileType = wrapper.cfbundle; includeInIndex = 0; path = SampleTests.xctest; sourceTree = BUILT_PRODUCTS_DIR; };
		F3B3188E2338E82A00A7BAFE /* SampleTests.swift */ = {isa = PBXFileReference; lastKnownFileType = sourcecode.swift; path = SampleTests.swift; sourceTree = "<group>"; };
		F3B318902338E82A00A7BAFE /* Info.plist */ = {isa = PBXFileReference; lastKnownFileType = text.plist.xml; path = Info.plist; sourceTree = "<group>"; };
		F3B318952338E82A00A7BAFE /* SampleUITests.xctest */ = {isa = PBXFileReference; explicitFileType = wrapper.cfbundle; includeInIndex = 0; path = SampleUITests.xctest; sourceTree = BUILT_PRODUCTS_DIR; };
		F3B318992338E82A00A7BAFE /* SampleUITests.swift */ = {isa = PBXFileReference; lastKnownFileType = sourcecode.swift; path = SampleUITests.swift; sourceTree = "<group>"; };
		F3B3189B2338E82A00A7BAFE /* Info.plist */ = {isa = PBXFileReference; lastKnownFileType = text.plist.xml; path = Info.plist; sourceTree = "<group>"; };
/* End PBXFileReference section */

/* Begin PBXFrameworksBuildPhase section */
		F3B3186E2338E82900A7BAFE /* Frameworks */ = {
			isa = PBXFrameworksBuildPhase;
			buildActionMask = 2147483647;
			files = (
			);
			runOnlyForDeploymentPostprocessing = 0;
		};
		F3B318872338E82A00A7BAFE /* Frameworks */ = {
			isa = PBXFrameworksBuildPhase;
			buildActionMask = 2147483647;
			files = (
			);
			runOnlyForDeploymentPostprocessing = 0;
		};
		F3B318922338E82A00A7BAFE /* Frameworks */ = {
			isa = PBXFrameworksBuildPhase;
			buildActionMask = 2147483647;
			files = (
			);
			runOnlyForDeploymentPostprocessing = 0;
		};
/* End PBXFrameworksBuildPhase section */

/* Begin PBXGroup section */
		F3B318682338E82900A7BAFE = {
			isa = PBXGroup;
			children = (
				F3B318732338E82900A7BAFE /* Sample */,
				F3B3188D2338E82A00A7BAFE /* SampleTests */,
				F3B318982338E82A00A7BAFE /* SampleUITests */,
				F3B318722338E82900A7BAFE /* Products */,
			);
			sourceTree = "<group>";
		};
		F3B318722338E82900A7BAFE /* Products */ = {
			isa = PBXGroup;
			children = (
				F3B318712338E82900A7BAFE /* Sample.app */,
				F3B3188A2338E82A00A7BAFE /* SampleTests.xctest */,
				F3B318952338E82A00A7BAFE /* SampleUITests.xctest */,
			);
			name = Products;
			sourceTree = "<group>";
		};
		F3B318732338E82900A7BAFE /* Sample */ = {
			isa = PBXGroup;
			children = (
				F3B318742338E82900A7BAFE /* AppDelegate.swift */,
				F3B318762338E82900A7BAFE /* SceneDelegate.swift */,
				F3B318782338E82900A7BAFE /* ViewController.swift */,
				F3B3187A2338E82900A7BAFE /* Main.storyboard */,
				F3B318802338E82A00A7BAFE /* Assets.xcassets */,
				F3B318822338E82A00A7BAFE /* LaunchScreen.storyboard */,
				F3B318852338E82A00A7BAFE /* Info.plist */,
				F3B3187D2338E82900A7BAFE /* Sample.xcdatamodeld */,
			);
			path = Sample;
			sourceTree = "<group>";
		};
		F3B3188D2338E82A00A7BAFE /* SampleTests */ = {
			isa = PBXGroup;
			children = (
				F3B3188E2338E82A00A7BAFE /* SampleTests.swift */,
				F3B318902338E82A00A7BAFE /* Info.plist */,
			);
			path = SampleTests;
			sourceTree = "<group>";
		};
		F3B318982338E82A00A7BAFE /* SampleUITests */ = {
			isa = PBXGroup;
			children = (
				F3B318992338E82A00A7BAFE /* SampleUITests.swift */,
				F3B3189B2338E82A00A7BAFE /* Info.plist */,
			);
			path = SampleUITests;
			sourceTree = "<group>";
		};
/* End PBXGroup section */

/* Begin PBXNativeTarget section */
		F3B318702338E82900A7BAFE /* Sample */ = {
			isa = PBXNativeTarget;
			buildConfigurationList = F3B3189E2338E82A00A7BAFE /* Build configuration list for PBXNativeTarget "Sample" */;
			buildPhases = (
				F3B3186D2338E82900A7BAFE /* Sources */,
				F3B3186E2338E82900A7BAFE /* Frameworks */,
				F3B3186F2338E82900A7BAFE /* Resources */,
			);
			buildRules = (
			);
			dependencies = (
			);
			name = Sample;
			productName = Sample;
			productReference = F3B318712338E82900A7BAFE /* Sample.app */;
			productType = "com.apple.product-type.application";
		};
		F3B318892338E82A00A7BAFE /* SampleTests */ = {
			isa = PBXNativeTarget;
			buildConfigurationList = F3B318A12338E82A00A7BAFE /* Build configuration list for PBXNativeTarget "SampleTests" */;
			buildPhases = (
				F3B318862338E82A00A7BAFE /* Sources */,
				F3B318872338E82A00A7BAFE /* Frameworks */,
				F3B318882338E82A00A7BAFE /* Resources */,
			);
			buildRules = (
			);
			dependencies = (
				F3B3188C2338E82A00A7BAFE /* PBXTargetDependency */,
			);
			name = SampleTests;
			productName = SampleTests;
			productReference = F3B3188A2338E82A00A7BAFE /* SampleTests.xctest */;
			productType = "com.apple.product-type.bundle.unit-test";
		};
		F3B318942338E82A00A7BAFE /* SampleUITests */ = {
			isa = PBXNativeTarget;
			buildConfigurationList = F3B318A42338E82A00A7BAFE /* Build configuration list for PBXNativeTarget "SampleUITests" */;
			buildPhases = (
				F3B318912338E82A00A7BAFE /* Sources */,
				F3B318922338E82A00A7BAFE /* Frameworks */,
				F3B318932338E82A00A7BAFE /* Resources */,
			);
			buildRules = (
			);
			dependencies = (
				F3B318972338E82A00A7BAFE /* PBXTargetDependency */,
			);
			name = SampleUITests;
			productName = SampleUITests;
			productReference = F3B318952338E82A00A7BAFE /* SampleUITests.xctest */;
			productType = "com.apple.product-type.bundle.ui-testing";
		};
/* End PBXNativeTarget section */

/* Begin PBXProject section */
		F3B318692338E82900A7BAFE /* Project object */ = {
			isa = PBXProject;
			attributes = {
				LastSwiftUpdateCheck = 1100;
				LastUpgradeCheck = 1100;
				ORGANIZATIONNAME = "新納真次郎";
				TargetAttributes = {
					F3B318702338E82900A7BAFE = {
						CreatedOnToolsVersion = 11.0;
					};
					F3B318892338E82A00A7BAFE = {
						CreatedOnToolsVersion = 11.0;
						TestTargetID = F3B318702338E82900A7BAFE;
					};
					F3B318942338E82A00A7BAFE = {
						CreatedOnToolsVersion = 11.0;
						TestTargetID = F3B318702338E82900A7BAFE;
					};
				};
			};
			buildConfigurationList = F3B3186C2338E82900A7BAFE /* Build configuration list for PBXProject "Sample" */;
			compatibilityVersion = "Xcode 9.3";
			developmentRegion = en;
			hasScannedForEncodings = 0;
			knownRegions = (
				en,
				Base,
			);
			mainGroup = F3B318682338E82900A7BAFE;
			productRefGroup = F3B318722338E82900A7BAFE /* Products */;
			projectDirPath = "";
			projectRoot = "";
			targets = (
				F3B318702338E82900A7BAFE /* Sample */,
				F3B318892338E82A00A7BAFE /* SampleTests */,
				F3B318942338E82A00A7BAFE /* SampleUITests */,
			);
		};
/* End PBXProject section */

/* Begin PBXResourcesBuildPhase section */
		F3B3186F2338E82900A7BAFE /* Resources */ = {
			isa = PBXResourcesBuildPhase;
			buildActionMask = 2147483647;
			files = (
				F3B318842338E82A00A7BAFE /* LaunchScreen.storyboard in Resources */,
				F3B318812338E82A00A7BAFE /* Assets.xcassets in Resources */,
				F3B3187C2338E82900A7BAFE /* Main.storyboard in Resources */,
			);
			runOnlyForDeploymentPostprocessing = 0;
		};
		F3B318882338E82A00A7BAFE /* Resources */ = {
			isa = PBXResourcesBuildPhase;
			buildActionMask = 2147483647;
			files = (
			);
			runOnlyForDeploymentPostprocessing = 0;
		};
		F3B318932338E82A00A7BAFE /* Resources */ = {
			isa = PBXResourcesBuildPhase;
			buildActionMask = 2147483647;
			files = (
			);
			runOnlyForDeploymentPostprocessing = 0;
		};
/* End PBXResourcesBuildPhase section */

/* Begin PBXSourcesBuildPhase section */
		F3B3186D2338E82900A7BAFE /* Sources */ = {
			isa = PBXSourcesBuildPhase;
			buildActionMask = 2147483647;
			files = (
				F3B318792338E82900A7BAFE /* ViewController.swift in Sources */,
				F3B3187F2338E82900A7BAFE /* Sample.xcdatamodeld in Sources */,
				F3B318752338E82900A7BAFE /* AppDelegate.swift in Sources */,
				F3B318772338E82900A7BAFE /* SceneDelegate.swift in Sources */,
			);
			runOnlyForDeploymentPostprocessing = 0;
		};
		F3B318862338E82A00A7BAFE /* Sources */ = {
			isa = PBXSourcesBuildPhase;
			buildActionMask = 2147483647;
			files = (
				F3B3188F2338E82A00A7BAFE /* SampleTests.swift in Sources */,
			);
			runOnlyForDeploymentPostprocessing = 0;
		};
		F3B318912338E82A00A7BAFE /* Sources */ = {
			isa = PBXSourcesBuildPhase;
			buildActionMask = 2147483647;
			files = (
				F3B3189A2338E82A00A7BAFE /* SampleUITests.swift in Sources */,
			);
			runOnlyForDeploymentPostprocessing = 0;
		};
/* End PBXSourcesBuildPhase section */

/* Begin PBXTargetDependency section */
		F3B3188C2338E82A00A7BAFE /* PBXTargetDependency */ = {
			isa = PBXTargetDependency;
			target = F3B318702338E82900A7BAFE /* Sample */;
			targetProxy = F3B3188B2338E82A00A7BAFE /* PBXContainerItemProxy */;
		};
		F3B318972338E82A00A7BAFE /* PBXTargetDependency */ = {
			isa = PBXTargetDependency;
			target = F3B318702338E82900A7BAFE /* Sample */;
			targetProxy = F3B318962338E82A00A7BAFE /* PBXContainerItemProxy */;
		};
/* End PBXTargetDependency section */

/* Begin PBXVariantGroup section */
		F3B3187A2338E82900A7BAFE /* Main.storyboard */ = {
			isa = PBXVariantGroup;
			children = (
				F3B3187B2338E82900A7BAFE /* Base */,
			);
			name = Main.storyboard;
			sourceTree = "<group>";
		};
		F3B318822338E82A00A7BAFE /* LaunchScreen.storyboard */ = {
			isa = PBXVariantGroup;
			children = (
				F3B318832338E82A00A7BAFE /* Base */,
			);
			name = LaunchScreen.storyboard;
			sourceTree = "<group>";
		};
/* End PBXVariantGroup section */

/* Begin XCBuildConfiguration section */
		F3B3189C2338E82A00A7BAFE /* Debug */ = {
			isa = XCBuildConfiguration;
			buildSettings = {
				ALWAYS_SEARCH_USER_PATHS = NO;
				CLANG_ANALYZER_NONNULL = YES;
				CLANG_ANALYZER_NUMBER_OBJECT_CONVERSION = YES_AGGRESSIVE;
				CLANG_CXX_LANGUAGE_STANDARD = "gnu++14";
				CLANG_CXX_LIBRARY = "libc++";
				CLANG_ENABLE_MODULES = YES;
				CLANG_ENABLE_OBJC_ARC = YES;
				CLANG_ENABLE_OBJC_WEAK = YES;
				CLANG_WARN_BLOCK_CAPTURE_AUTORELEASING = YES;
				CLANG_WARN_BOOL_CONVERSION = YES;
				CLANG_WARN_COMMA = YES;
				CLANG_WARN_CONSTANT_CONVERSION = YES;
				CLANG_WARN_DEPRECATED_OBJC_IMPLEMENTATIONS = YES;
				CLANG_WARN_DIRECT_OBJC_ISA_USAGE = YES_ERROR;
				CLANG_WARN_DOCUMENTATION_COMMENTS = YES;
				CLANG_WARN_EMPTY_BODY = YES;
				CLANG_WARN_ENUM_CONVERSION = YES;
				CLANG_WARN_INFINITE_RECURSION = YES;
				CLANG_WARN_INT_CONVERSION = YES;
				CLANG_WARN_NON_LITERAL_NULL_CONVERSION = YES;
				CLANG_WARN_OBJC_IMPLICIT_RETAIN_SELF = YES;
				CLANG_WARN_OBJC_LITERAL_CONVERSION = YES;
				CLANG_WARN_OBJC_ROOT_CLASS = YES_ERROR;
				CLANG_WARN_RANGE_LOOP_ANALYSIS = YES;
				CLANG_WARN_STRICT_PROTOTYPES = YES;
				CLANG_WARN_SUSPICIOUS_MOVE = YES;
				CLANG_WARN_UNGUARDED_AVAILABILITY = YES_AGGRESSIVE;
				CLANG_WARN_UNREACHABLE_CODE = YES;
				CLANG_WARN__DUPLICATE_METHOD_MATCH = YES;
				COPY_PHASE_STRIP = NO;
				DEBUG_INFORMATION_FORMAT = dwarf;
				ENABLE_STRICT_OBJC_MSGSEND = YES;
				ENABLE_TESTABILITY = YES;
				GCC_C_LANGUAGE_STANDARD = gnu11;
				GCC_DYNAMIC_NO_PIC = NO;
				GCC_NO_COMMON_BLOCKS = YES;
				GCC_OPTIMIZATION_LEVEL = 0;
				GCC_PREPROCESSOR_DEFINITIONS = (
					"DEBUG=1",
					"$(inherited)",
				);
				GCC_WARN_64_TO_32_BIT_CONVERSION = YES;
				GCC_WARN_ABOUT_RETURN_TYPE = YES_ERROR;
				GCC_WARN_UNDECLARED_SELECTOR = YES;
				GCC_WARN_UNINITIALIZED_AUTOS = YES_AGGRESSIVE;
				GCC_WARN_UNUSED_FUNCTION = YES;
				GCC_WARN_UNUSED_VARIABLE = YES;
				IPHONEOS_DEPLOYMENT_TARGET = 13.0;
				MTL_ENABLE_DEBUG_INFO = INCLUDE_SOURCE;
				MTL_FAST_MATH = YES;
				ONLY_ACTIVE_ARCH = YES;
				SDKROOT = iphoneos;
				SWIFT_ACTIVE_COMPILATION_CONDITIONS = DEBUG;
				SWIFT_OPTIMIZATION_LEVEL = "-Onone";
			};
			name = Debug;
		};
		F3B3189D2338E82A00A7BAFE /* Release */ = {
			isa = XCBuildConfiguration;
			buildSettings = {
				ALWAYS_SEARCH_USER_PATHS = NO;
				CLANG_ANALYZER_NONNULL = YES;
				CLANG_ANALYZER_NUMBER_OBJECT_CONVERSION = YES_AGGRESSIVE;
				CLANG_CXX_LANGUAGE_STANDARD = "gnu++14";
				CLANG_CXX_LIBRARY = "libc++";
				CLANG_ENABLE_MODULES = YES;
				CLANG_ENABLE_OBJC_ARC = YES;
				CLANG_ENABLE_OBJC_WEAK = YES;
				CLANG_WARN_BLOCK_CAPTURE_AUTORELEASING = YES;
				CLANG_WARN_BOOL_CONVERSION = YES;
				CLANG_WARN_COMMA = YES;
				CLANG_WARN_CONSTANT_CONVERSION = YES;
				CLANG_WARN_DEPRECATED_OBJC_IMPLEMENTATIONS = YES;
				CLANG_WARN_DIRECT_OBJC_ISA_USAGE = YES_ERROR;
				CLANG_WARN_DOCUMENTATION_COMMENTS = YES;
				CLANG_WARN_EMPTY_BODY = YES;
				CLANG_WARN_ENUM_CONVERSION = YES;
				CLANG_WARN_INFINITE_RECURSION = YES;
				CLANG_WARN_INT_CONVERSION = YES;
				CLANG_WARN_NON_LITERAL_NULL_CONVERSION = YES;
				CLANG_WARN_OBJC_IMPLICIT_RETAIN_SELF = YES;
				CLANG_WARN_OBJC_LITERAL_CONVERSION = YES;
				CLANG_WARN_OBJC_ROOT_CLASS = YES_ERROR;
				CLANG_WARN_RANGE_LOOP_ANALYSIS = YES;
				CLANG_WARN_STRICT_PROTOTYPES = YES;
				CLANG_WARN_SUSPICIOUS_MOVE = YES;
				CLANG_WARN_UNGUARDED_AVAILABILITY = YES_AGGRESSIVE;
				CLANG_WARN_UNREACHABLE_CODE = YES;
				CLANG_WARN__DUPLICATE_METHOD_MATCH = YES;
				COPY_PHASE_STRIP = NO;
				DEBUG_INFORMATION_FORMAT = "dwarf-with-dsym";
				ENABLE_NS_ASSERTIONS = NO;
				ENABLE_STRICT_OBJC_MSGSEND = YES;
				GCC_C_LANGUAGE_STANDARD = gnu11;
				GCC_NO_COMMON_BLOCKS = YES;
				GCC_WARN_64_TO_32_BIT_CONVERSION = YES;
				GCC_WARN_ABOUT_RETURN_TYPE = YES_ERROR;
				GCC_WARN_UNDECLARED_SELECTOR = YES;
				GCC_WARN_UNINITIALIZED_AUTOS = YES_AGGRESSIVE;
				GCC_WARN_UNUSED_FUNCTION = YES;
				GCC_WARN_UNUSED_VARIABLE = YES;
				IPHONEOS_DEPLOYMENT_TARGET = 13.0;
				MTL_ENABLE_DEBUG_INFO = NO;
				MTL_FAST_MATH = YES;
				SDKROOT = iphoneos;
				SWIFT_COMPILATION_MODE = wholemodule;
				SWIFT_OPTIMIZATION_LEVEL = "-O";
				VALIDATE_PRODUCT = YES;
			};
			name = Release;
		};
		F3B3189F2338E82A00A7BAFE /* Debug */ = {
			isa = XCBuildConfiguration;
			buildSettings = {
				ASSETCATALOG_COMPILER_APPICON_NAME = AppIcon;
				CODE_SIGN_STYLE = Automatic;
				DEVELOPMENT_TEAM = T8YPT438X6;
				INFOPLIST_FILE = Sample/Info.plist;
				LD_RUNPATH_SEARCH_PATHS = (
					"$(inherited)",
					"@executable_path/Frameworks",
				);
				PRODUCT_BUNDLE_IDENTIFIER = "Nakamura-labProject.Sample";
				PRODUCT_NAME = "$(TARGET_NAME)";
				SWIFT_VERSION = 5.0;
				TARGETED_DEVICE_FAMILY = "1,2";
			};
			name = Debug;
		};
		F3B318A02338E82A00A7BAFE /* Release */ = {
			isa = XCBuildConfiguration;
			buildSettings = {
				ASSETCATALOG_COMPILER_APPICON_NAME = AppIcon;
				CODE_SIGN_STYLE = Automatic;
				DEVELOPMENT_TEAM = T8YPT438X6;
				INFOPLIST_FILE = Sample/Info.plist;
				LD_RUNPATH_SEARCH_PATHS = (
					"$(inherited)",
					"@executable_path/Frameworks",
				);
				PRODUCT_BUNDLE_IDENTIFIER = "Nakamura-labProject.Sample";
				PRODUCT_NAME = "$(TARGET_NAME)";
				SWIFT_VERSION = 5.0;
				TARGETED_DEVICE_FAMILY = "1,2";
			};
			name = Release;
		};
		F3B318A22338E82A00A7BAFE /* Debug */ = {
			isa = XCBuildConfiguration;
			buildSettings = {
				ALWAYS_EMBED_SWIFT_STANDARD_LIBRARIES = YES;
				BUNDLE_LOADER = "$(TEST_HOST)";
				CODE_SIGN_STYLE = Automatic;
				DEVELOPMENT_TEAM = T8YPT438X6;
				INFOPLIST_FILE = SampleTests/Info.plist;
				IPHONEOS_DEPLOYMENT_TARGET = 13.0;
				LD_RUNPATH_SEARCH_PATHS = (
					"$(inherited)",
					"@executable_path/Frameworks",
					"@loader_path/Frameworks",
				);
				PRODUCT_BUNDLE_IDENTIFIER = "Nakamura-labProject.SampleTests";
				PRODUCT_NAME = "$(TARGET_NAME)";
				SWIFT_VERSION = 5.0;
				TARGETED_DEVICE_FAMILY = "1,2";
				TEST_HOST = "$(BUILT_PRODUCTS_DIR)/Sample.app/Sample";
			};
			name = Debug;
		};
		F3B318A32338E82A00A7BAFE /* Release */ = {
			isa = XCBuildConfiguration;
			buildSettings = {
				ALWAYS_EMBED_SWIFT_STANDARD_LIBRARIES = YES;
				BUNDLE_LOADER = "$(TEST_HOST)";
				CODE_SIGN_STYLE = Automatic;
				DEVELOPMENT_TEAM = T8YPT438X6;
				INFOPLIST_FILE = SampleTests/Info.plist;
				IPHONEOS_DEPLOYMENT_TARGET = 13.0;
				LD_RUNPATH_SEARCH_PATHS = (
					"$(inherited)",
					"@executable_path/Frameworks",
					"@loader_path/Frameworks",
				);
				PRODUCT_BUNDLE_IDENTIFIER = "Nakamura-labProject.SampleTests";
				PRODUCT_NAME = "$(TARGET_NAME)";
				SWIFT_VERSION = 5.0;
				TARGETED_DEVICE_FAMILY = "1,2";
				TEST_HOST = "$(BUILT_PRODUCTS_DIR)/Sample.app/Sample";
			};
			name = Release;
		};
		F3B318A52338E82A00A7BAFE /* Debug */ = {
			isa = XCBuildConfiguration;
			buildSettings = {
				ALWAYS_EMBED_SWIFT_STANDARD_LIBRARIES = YES;
				CODE_SIGN_STYLE = Automatic;
				DEVELOPMENT_TEAM = T8YPT438X6;
				INFOPLIST_FILE = SampleUITests/Info.plist;
				LD_RUNPATH_SEARCH_PATHS = (
					"$(inherited)",
					"@executable_path/Frameworks",
					"@loader_path/Frameworks",
				);
				PRODUCT_BUNDLE_IDENTIFIER = "Nakamura-labProject.SampleUITests";
				PRODUCT_NAME = "$(TARGET_NAME)";
				SWIFT_VERSION = 5.0;
				TARGETED_DEVICE_FAMILY = "1,2";
				TEST_TARGET_NAME = Sample;
			};
			name = Debug;
		};
		F3B318A62338E82A00A7BAFE /* Release */ = {
			isa = XCBuildConfiguration;
			buildSettings = {
				ALWAYS_EMBED_SWIFT_STANDARD_LIBRARIES = YES;
				CODE_SIGN_STYLE = Automatic;
				DEVELOPMENT_TEAM = T8YPT438X6;
				INFOPLIST_FILE = SampleUITests/Info.plist;
				LD_RUNPATH_SEARCH_PATHS = (
					"$(inherited)",
					"@executable_path/Frameworks",
					"@loader_path/Frameworks",
				);
				PRODUCT_BUNDLE_IDENTIFIER = "Nakamura-labProject.SampleUITests";
				PRODUCT_NAME = "$(TARGET_NAME)";
				SWIFT_VERSION = 5.0;
				TARGETED_DEVICE_FAMILY = "1,2";
				TEST_TARGET_NAME = Sample;
			};
			name = Release;
		};
/* End XCBuildConfiguration section */

/* Begin XCConfigurationList section */
		F3B3186C2338E82900A7BAFE /* Build configuration list for PBXProject "Sample" */ = {
			isa = XCConfigurationList;
			buildConfigurations = (
				F3B3189C2338E82A00A7BAFE /* Debug */,
				F3B3189D2338E82A00A7BAFE /* Release */,
			);
			defaultConfigurationIsVisible = 0;
			defaultConfigurationName = Release;
		};
		F3B3189E2338E82A00A7BAFE /* Build configuration list for PBXNativeTarget "Sample" */ = {
			isa = XCConfigurationList;
			buildConfigurations = (
				F3B3189F2338E82A00A7BAFE /* Debug */,
				F3B318A02338E82A00A7BAFE /* Release */,
			);
			defaultConfigurationIsVisible = 0;
			defaultConfigurationName = Release;
		};
		F3B318A12338E82A00A7BAFE /* Build configuration list for PBXNativeTarget "SampleTests" */ = {
			isa = XCConfigurationList;
			buildConfigurations = (
				F3B318A22338E82A00A7BAFE /* Debug */,
				F3B318A32338E82A00A7BAFE /* Release */,
			);
			defaultConfigurationIsVisible = 0;
			defaultConfigurationName = Release;
		};
		F3B318A42338E82A00A7BAFE /* Build configuration list for PBXNativeTarget "SampleUITests" */ = {
			isa = XCConfigurationList;
			buildConfigurations = (
				F3B318A52338E82A00A7BAFE /* Debug */,
				F3B318A62338E82A00A7BAFE /* Release */,
			);
			defaultConfigurationIsVisible = 0;
			defaultConfigurationName = Release;
		};
/* End XCConfigurationList section */

/* Begin XCVersionGroup section */
		F3B3187D2338E82900A7BAFE /* Sample.xcdatamodeld */ = {
			isa = XCVersionGroup;
			children = (
				F3B3187E2338E82900A7BAFE /* Sample.xcdatamodel */,
			);
			currentVersion = F3B3187E2338E82900A7BAFE /* Sample.xcdatamodel */;
			path = Sample.xcdatamodeld;
			sourceTree = "<group>";
			versionGroupType = wrapper.xcdatamodel;
		};
/* End XCVersionGroup section */
	};
	rootObject = F3B318692338E82900A7BAFE /* Project object */;
}
