// !$*UTF8*$!
{
	archiveVersion = 1;
	classes = {
	};
	objectVersion = 50;
	objects = {

/* Begin PBXBuildFile section */
		F310D3D8234C6182001CF78E /* AppDelegate.swift in Sources */ = {isa = PBXBuildFile; fileRef = F310D3D7234C6182001CF78E /* AppDelegate.swift */; };
		F310D3DA234C6182001CF78E /* SceneDelegate.swift in Sources */ = {isa = PBXBuildFile; fileRef = F310D3D9234C6182001CF78E /* SceneDelegate.swift */; };
		F310D3DC234C6182001CF78E /* ViewController.swift in Sources */ = {isa = PBXBuildFile; fileRef = F310D3DB234C6182001CF78E /* ViewController.swift */; };
		F310D3DF234C6182001CF78E /* Main.storyboard in Resources */ = {isa = PBXBuildFile; fileRef = F310D3DD234C6182001CF78E /* Main.storyboard */; };
		F310D3E2234C6182001CF78E /* Sample3_4.xcdatamodeld in Sources */ = {isa = PBXBuildFile; fileRef = F310D3E0234C6182001CF78E /* Sample3_4.xcdatamodeld */; };
		F310D3E4234C6185001CF78E /* Assets.xcassets in Resources */ = {isa = PBXBuildFile; fileRef = F310D3E3234C6185001CF78E /* Assets.xcassets */; };
		F310D3E7234C6185001CF78E /* LaunchScreen.storyboard in Resources */ = {isa = PBXBuildFile; fileRef = F310D3E5234C6185001CF78E /* LaunchScreen.storyboard */; };
		F310D3EF234C64DE001CF78E /* MyCell.xib in Resources */ = {isa = PBXBuildFile; fileRef = F310D3EE234C64DE001CF78E /* MyCell.xib */; };
		F310D3F1234C6507001CF78E /* MyCell.swift in Sources */ = {isa = PBXBuildFile; fileRef = F310D3F0234C6507001CF78E /* MyCell.swift */; };
/* End PBXBuildFile section */

/* Begin PBXFileReference section */
		F310D3D4234C6182001CF78E /* Sample3-4.app */ = {isa = PBXFileReference; explicitFileType = wrapper.application; includeInIndex = 0; path = "Sample3-4.app"; sourceTree = BUILT_PRODUCTS_DIR; };
		F310D3D7234C6182001CF78E /* AppDelegate.swift */ = {isa = PBXFileReference; lastKnownFileType = sourcecode.swift; path = AppDelegate.swift; sourceTree = "<group>"; };
		F310D3D9234C6182001CF78E /* SceneDelegate.swift */ = {isa = PBXFileReference; lastKnownFileType = sourcecode.swift; path = SceneDelegate.swift; sourceTree = "<group>"; };
		F310D3DB234C6182001CF78E /* ViewController.swift */ = {isa = PBXFileReference; lastKnownFileType = sourcecode.swift; path = ViewController.swift; sourceTree = "<group>"; };
		F310D3DE234C6182001CF78E /* Base */ = {isa = PBXFileReference; lastKnownFileType = file.storyboard; name = Base; path = Base.lproj/Main.storyboard; sourceTree = "<group>"; };
		F310D3E1234C6182001CF78E /* Sample3_4.xcdatamodel */ = {isa = PBXFileReference; lastKnownFileType = wrapper.xcdatamodel; path = Sample3_4.xcdatamodel; sourceTree = "<group>"; };
		F310D3E3234C6185001CF78E /* Assets.xcassets */ = {isa = PBXFileReference; lastKnownFileType = folder.assetcatalog; path = Assets.xcassets; sourceTree = "<group>"; };
		F310D3E6234C6185001CF78E /* Base */ = {isa = PBXFileReference; lastKnownFileType = file.storyboard; name = Base; path = Base.lproj/LaunchScreen.storyboard; sourceTree = "<group>"; };
		F310D3E8234C6185001CF78E /* Info.plist */ = {isa = PBXFileReference; lastKnownFileType = text.plist.xml; path = Info.plist; sourceTree = "<group>"; };
		F310D3EE234C64DE001CF78E /* MyCell.xib */ = {isa = PBXFileReference; lastKnownFileType = file.xib; path = MyCell.xib; sourceTree = "<group>"; };
		F310D3F0234C6507001CF78E /* MyCell.swift */ = {isa = PBXFileReference; lastKnownFileType = sourcecode.swift; path = MyCell.swift; sourceTree = "<group>"; };
/* End PBXFileReference section */

/* Begin PBXFrameworksBuildPhase section */
		F310D3D1234C6182001CF78E /* Frameworks */ = {
			isa = PBXFrameworksBuildPhase;
			buildActionMask = 2147483647;
			files = (
			);
			runOnlyForDeploymentPostprocessing = 0;
		};
/* End PBXFrameworksBuildPhase section */

/* Begin PBXGroup section */
		F310D3CB234C6182001CF78E = {
			isa = PBXGroup;
			children = (
				F310D3D6234C6182001CF78E /* Sample3-4 */,
				F310D3D5234C6182001CF78E /* Products */,
			);
			sourceTree = "<group>";
		};
		F310D3D5234C6182001CF78E /* Products */ = {
			isa = PBXGroup;
			children = (
				F310D3D4234C6182001CF78E /* Sample3-4.app */,
			);
			name = Products;
			sourceTree = "<group>";
		};
		F310D3D6234C6182001CF78E /* Sample3-4 */ = {
			isa = PBXGroup;
			children = (
				F310D3D7234C6182001CF78E /* AppDelegate.swift */,
				F310D3D9234C6182001CF78E /* SceneDelegate.swift */,
				F310D3DB234C6182001CF78E /* ViewController.swift */,
				F310D3DD234C6182001CF78E /* Main.storyboard */,
				F310D3F0234C6507001CF78E /* MyCell.swift */,
				F310D3EE234C64DE001CF78E /* MyCell.xib */,
				F310D3E3234C6185001CF78E /* Assets.xcassets */,
				F310D3E5234C6185001CF78E /* LaunchScreen.storyboard */,
				F310D3E8234C6185001CF78E /* Info.plist */,
				F310D3E0234C6182001CF78E /* Sample3_4.xcdatamodeld */,
			);
			path = "Sample3-4";
			sourceTree = "<group>";
		};
/* End PBXGroup section */

/* Begin PBXNativeTarget section */
		F310D3D3234C6182001CF78E /* Sample3-4 */ = {
			isa = PBXNativeTarget;
			buildConfigurationList = F310D3EB234C6185001CF78E /* Build configuration list for PBXNativeTarget "Sample3-4" */;
			buildPhases = (
				F310D3D0234C6182001CF78E /* Sources */,
				F310D3D1234C6182001CF78E /* Frameworks */,
				F310D3D2234C6182001CF78E /* Resources */,
			);
			buildRules = (
			);
			dependencies = (
			);
			name = "Sample3-4";
			productName = "Sample3-4";
			productReference = F310D3D4234C6182001CF78E /* Sample3-4.app */;
			productType = "com.apple.product-type.application";
		};
/* End PBXNativeTarget section */

/* Begin PBXProject section */
		F310D3CC234C6182001CF78E /* Project object */ = {
			isa = PBXProject;
			attributes = {
				LastSwiftUpdateCheck = 1100;
				LastUpgradeCheck = 1100;
				ORGANIZATIONNAME = "新納真次郎";
				TargetAttributes = {
					F310D3D3234C6182001CF78E = {
						CreatedOnToolsVersion = 11.0;
					};
				};
			};
			buildConfigurationList = F310D3CF234C6182001CF78E /* Build configuration list for PBXProject "Sample3-4" */;
			compatibilityVersion = "Xcode 9.3";
			developmentRegion = en;
			hasScannedForEncodings = 0;
			knownRegions = (
				en,
				Base,
			);
			mainGroup = F310D3CB234C6182001CF78E;
			productRefGroup = F310D3D5234C6182001CF78E /* Products */;
			projectDirPath = "";
			projectRoot = "";
			targets = (
				F310D3D3234C6182001CF78E /* Sample3-4 */,
			);
		};
/* End PBXProject section */

/* Begin PBXResourcesBuildPhase section */
		F310D3D2234C6182001CF78E /* Resources */ = {
			isa = PBXResourcesBuildPhase;
			buildActionMask = 2147483647;
			files = (
				F310D3E7234C6185001CF78E /* LaunchScreen.storyboard in Resources */,
				F310D3EF234C64DE001CF78E /* MyCell.xib in Resources */,
				F310D3E4234C6185001CF78E /* Assets.xcassets in Resources */,
				F310D3DF234C6182001CF78E /* Main.storyboard in Resources */,
			);
			runOnlyForDeploymentPostprocessing = 0;
		};
/* End PBXResourcesBuildPhase section */

/* Begin PBXSourcesBuildPhase section */
		F310D3D0234C6182001CF78E /* Sources */ = {
			isa = PBXSourcesBuildPhase;
			buildActionMask = 2147483647;
			files = (
				F310D3DC234C6182001CF78E /* ViewController.swift in Sources */,
				F310D3F1234C6507001CF78E /* MyCell.swift in Sources */,
				F310D3D8234C6182001CF78E /* AppDelegate.swift in Sources */,
				F310D3E2234C6182001CF78E /* Sample3_4.xcdatamodeld in Sources */,
				F310D3DA234C6182001CF78E /* SceneDelegate.swift in Sources */,
			);
			runOnlyForDeploymentPostprocessing = 0;
		};
/* End PBXSourcesBuildPhase section */

/* Begin PBXVariantGroup section */
		F310D3DD234C6182001CF78E /* Main.storyboard */ = {
			isa = PBXVariantGroup;
			children = (
				F310D3DE234C6182001CF78E /* Base */,
			);
			name = Main.storyboard;
			sourceTree = "<group>";
		};
		F310D3E5234C6185001CF78E /* LaunchScreen.storyboard */ = {
			isa = PBXVariantGroup;
			children = (
				F310D3E6234C6185001CF78E /* Base */,
			);
			name = LaunchScreen.storyboard;
			sourceTree = "<group>";
		};
/* End PBXVariantGroup section */

/* Begin XCBuildConfiguration section */
		F310D3E9234C6185001CF78E /* Debug */ = {
			isa = XCBuildConfiguration;
			buildSettings = {
				ALWAYS_SEARCH_USER_PATHS = NO;
				CLANG_ANALYZER_NONNULL = YES;
				CLANG_ANALYZER_NUMBER_OBJECT_CONVERSION = YES_AGGRESSIVE;
				CLANG_CXX_LANGUAGE_STANDARD = "gnu++14";
				CLANG_CXX_LIBRARY = "libc++";
				CLANG_ENABLE_MODULES = YES;
				CLANG_ENABLE_OBJC_ARC = YES;
				CLANG_ENABLE_OBJC_WEAK = YES;
				CLANG_WARN_BLOCK_CAPTURE_AUTORELEASING = YES;
				CLANG_WARN_BOOL_CONVERSION = YES;
				CLANG_WARN_COMMA = YES;
				CLANG_WARN_CONSTANT_CONVERSION = YES;
				CLANG_WARN_DEPRECATED_OBJC_IMPLEMENTATIONS = YES;
				CLANG_WARN_DIRECT_OBJC_ISA_USAGE = YES_ERROR;
				CLANG_WARN_DOCUMENTATION_COMMENTS = YES;
				CLANG_WARN_EMPTY_BODY = YES;
				CLANG_WARN_ENUM_CONVERSION = YES;
				CLANG_WARN_INFINITE_RECURSION = YES;
				CLANG_WARN_INT_CONVERSION = YES;
				CLANG_WARN_NON_LITERAL_NULL_CONVERSION = YES;
				CLANG_WARN_OBJC_IMPLICIT_RETAIN_SELF = YES;
				CLANG_WARN_OBJC_LITERAL_CONVERSION = YES;
				CLANG_WARN_OBJC_ROOT_CLASS = YES_ERROR;
				CLANG_WARN_RANGE_LOOP_ANALYSIS = YES;
				CLANG_WARN_STRICT_PROTOTYPES = YES;
				CLANG_WARN_SUSPICIOUS_MOVE = YES;
				CLANG_WARN_UNGUARDED_AVAILABILITY = YES_AGGRESSIVE;
				CLANG_WARN_UNREACHABLE_CODE = YES;
				CLANG_WARN__DUPLICATE_METHOD_MATCH = YES;
				COPY_PHASE_STRIP = NO;
				DEBUG_INFORMATION_FORMAT = dwarf;
				ENABLE_STRICT_OBJC_MSGSEND = YES;
				ENABLE_TESTABILITY = YES;
				GCC_C_LANGUAGE_STANDARD = gnu11;
				GCC_DYNAMIC_NO_PIC = NO;
				GCC_NO_COMMON_BLOCKS = YES;
				GCC_OPTIMIZATION_LEVEL = 0;
				GCC_PREPROCESSOR_DEFINITIONS = (
					"DEBUG=1",
					"$(inherited)",
				);
				GCC_WARN_64_TO_32_BIT_CONVERSION = YES;
				GCC_WARN_ABOUT_RETURN_TYPE = YES_ERROR;
				GCC_WARN_UNDECLARED_SELECTOR = YES;
				GCC_WARN_UNINITIALIZED_AUTOS = YES_AGGRESSIVE;
				GCC_WARN_UNUSED_FUNCTION = YES;
				GCC_WARN_UNUSED_VARIABLE = YES;
				IPHONEOS_DEPLOYMENT_TARGET = 13.0;
				MTL_ENABLE_DEBUG_INFO = INCLUDE_SOURCE;
				MTL_FAST_MATH = YES;
				ONLY_ACTIVE_ARCH = YES;
				SDKROOT = iphoneos;
				SWIFT_ACTIVE_COMPILATION_CONDITIONS = DEBUG;
				SWIFT_OPTIMIZATION_LEVEL = "-Onone";
			};
			name = Debug;
		};
		F310D3EA234C6185001CF78E /* Release */ = {
			isa = XCBuildConfiguration;
			buildSettings = {
				ALWAYS_SEARCH_USER_PATHS = NO;
				CLANG_ANALYZER_NONNULL = YES;
				CLANG_ANALYZER_NUMBER_OBJECT_CONVERSION = YES_AGGRESSIVE;
				CLANG_CXX_LANGUAGE_STANDARD = "gnu++14";
				CLANG_CXX_LIBRARY = "libc++";
				CLANG_ENABLE_MODULES = YES;
				CLANG_ENABLE_OBJC_ARC = YES;
				CLANG_ENABLE_OBJC_WEAK = YES;
				CLANG_WARN_BLOCK_CAPTURE_AUTORELEASING = YES;
				CLANG_WARN_BOOL_CONVERSION = YES;
				CLANG_WARN_COMMA = YES;
				CLANG_WARN_CONSTANT_CONVERSION = YES;
				CLANG_WARN_DEPRECATED_OBJC_IMPLEMENTATIONS = YES;
				CLANG_WARN_DIRECT_OBJC_ISA_USAGE = YES_ERROR;
				CLANG_WARN_DOCUMENTATION_COMMENTS = YES;
				CLANG_WARN_EMPTY_BODY = YES;
				CLANG_WARN_ENUM_CONVERSION = YES;
				CLANG_WARN_INFINITE_RECURSION = YES;
				CLANG_WARN_INT_CONVERSION = YES;
				CLANG_WARN_NON_LITERAL_NULL_CONVERSION = YES;
				CLANG_WARN_OBJC_IMPLICIT_RETAIN_SELF = YES;
				CLANG_WARN_OBJC_LITERAL_CONVERSION = YES;
				CLANG_WARN_OBJC_ROOT_CLASS = YES_ERROR;
				CLANG_WARN_RANGE_LOOP_ANALYSIS = YES;
				CLANG_WARN_STRICT_PROTOTYPES = YES;
				CLANG_WARN_SUSPICIOUS_MOVE = YES;
				CLANG_WARN_UNGUARDED_AVAILABILITY = YES_AGGRESSIVE;
				CLANG_WARN_UNREACHABLE_CODE = YES;
				CLANG_WARN__DUPLICATE_METHOD_MATCH = YES;
				COPY_PHASE_STRIP = NO;
				DEBUG_INFORMATION_FORMAT = "dwarf-with-dsym";
				ENABLE_NS_ASSERTIONS = NO;
				ENABLE_STRICT_OBJC_MSGSEND = YES;
				GCC_C_LANGUAGE_STANDARD = gnu11;
				GCC_NO_COMMON_BLOCKS = YES;
				GCC_WARN_64_TO_32_BIT_CONVERSION = YES;
				GCC_WARN_ABOUT_RETURN_TYPE = YES_ERROR;
				GCC_WARN_UNDECLARED_SELECTOR = YES;
				GCC_WARN_UNINITIALIZED_AUTOS = YES_AGGRESSIVE;
				GCC_WARN_UNUSED_FUNCTION = YES;
				GCC_WARN_UNUSED_VARIABLE = YES;
				IPHONEOS_DEPLOYMENT_TARGET = 13.0;
				MTL_ENABLE_DEBUG_INFO = NO;
				MTL_FAST_MATH = YES;
				SDKROOT = iphoneos;
				SWIFT_COMPILATION_MODE = wholemodule;
				SWIFT_OPTIMIZATION_LEVEL = "-O";
				VALIDATE_PRODUCT = YES;
			};
			name = Release;
		};
		F310D3EC234C6185001CF78E /* Debug */ = {
			isa = XCBuildConfiguration;
			buildSettings = {
				ASSETCATALOG_COMPILER_APPICON_NAME = AppIcon;
				CODE_SIGN_STYLE = Automatic;
				DEVELOPMENT_TEAM = T8YPT438X6;
				INFOPLIST_FILE = "Sample3-4/Info.plist";
				LD_RUNPATH_SEARCH_PATHS = (
					"$(inherited)",
					"@executable_path/Frameworks",
				);
				PRODUCT_BUNDLE_IDENTIFIER = "Nakamura-labProject.Sample3-4";
				PRODUCT_NAME = "$(TARGET_NAME)";
				SWIFT_VERSION = 5.0;
				TARGETED_DEVICE_FAMILY = "1,2";
			};
			name = Debug;
		};
		F310D3ED234C6185001CF78E /* Release */ = {
			isa = XCBuildConfiguration;
			buildSettings = {
				ASSETCATALOG_COMPILER_APPICON_NAME = AppIcon;
				CODE_SIGN_STYLE = Automatic;
				DEVELOPMENT_TEAM = T8YPT438X6;
				INFOPLIST_FILE = "Sample3-4/Info.plist";
				LD_RUNPATH_SEARCH_PATHS = (
					"$(inherited)",
					"@executable_path/Frameworks",
				);
				PRODUCT_BUNDLE_IDENTIFIER = "Nakamura-labProject.Sample3-4";
				PRODUCT_NAME = "$(TARGET_NAME)";
				SWIFT_VERSION = 5.0;
				TARGETED_DEVICE_FAMILY = "1,2";
			};
			name = Release;
		};
/* End XCBuildConfiguration section */

/* Begin XCConfigurationList section */
		F310D3CF234C6182001CF78E /* Build configuration list for PBXProject "Sample3-4" */ = {
			isa = XCConfigurationList;
			buildConfigurations = (
				F310D3E9234C6185001CF78E /* Debug */,
				F310D3EA234C6185001CF78E /* Release */,
			);
			defaultConfigurationIsVisible = 0;
			defaultConfigurationName = Release;
		};
		F310D3EB234C6185001CF78E /* Build configuration list for PBXNativeTarget "Sample3-4" */ = {
			isa = XCConfigurationList;
			buildConfigurations = (
				F310D3EC234C6185001CF78E /* Debug */,
				F310D3ED234C6185001CF78E /* Release */,
			);
			defaultConfigurationIsVisible = 0;
			defaultConfigurationName = Release;
		};
/* End XCConfigurationList section */

/* Begin XCVersionGroup section */
		F310D3E0234C6182001CF78E /* Sample3_4.xcdatamodeld */ = {
			isa = XCVersionGroup;
			children = (
				F310D3E1234C6182001CF78E /* Sample3_4.xcdatamodel */,
			);
			currentVersion = F310D3E1234C6182001CF78E /* Sample3_4.xcdatamodel */;
			path = Sample3_4.xcdatamodeld;
			sourceTree = "<group>";
			versionGroupType = wrapper.xcdatamodel;
		};
/* End XCVersionGroup section */
	};
	rootObject = F310D3CC234C6182001CF78E /* Project object */;
}
