// !$*UTF8*$!
{
	archiveVersion = 1;
	classes = {
	};
	objectVersion = 50;
	objects = {

/* Begin PBXBuildFile section */
		F38D227C2360C98D0084BC26 /* AppDelegate.swift in Sources */ = {isa = PBXBuildFile; fileRef = F38D227B2360C98D0084BC26 /* AppDelegate.swift */; };
		F38D227E2360C98D0084BC26 /* SceneDelegate.swift in Sources */ = {isa = PBXBuildFile; fileRef = F38D227D2360C98D0084BC26 /* SceneDelegate.swift */; };
		F38D22802360C98D0084BC26 /* ViewController.swift in Sources */ = {isa = PBXBuildFile; fileRef = F38D227F2360C98D0084BC26 /* ViewController.swift */; };
		F38D22832360C98D0084BC26 /* Main.storyboard in Resources */ = {isa = PBXBuildFile; fileRef = F38D22812360C98D0084BC26 /* Main.storyboard */; };
		F38D22862360C98D0084BC26 /* Sample3_5.xcdatamodeld in Sources */ = {isa = PBXBuildFile; fileRef = F38D22842360C98D0084BC26 /* Sample3_5.xcdatamodeld */; };
		F38D22882360C98F0084BC26 /* Assets.xcassets in Resources */ = {isa = PBXBuildFile; fileRef = F38D22872360C98F0084BC26 /* Assets.xcassets */; };
		F38D228B2360C98F0084BC26 /* LaunchScreen.storyboard in Resources */ = {isa = PBXBuildFile; fileRef = F38D22892360C98F0084BC26 /* LaunchScreen.storyboard */; };
		F38D22932360CA8A0084BC26 /* View1.swift in Sources */ = {isa = PBXBuildFile; fileRef = F38D22922360CA8A0084BC26 /* View1.swift */; };
/* End PBXBuildFile section */

/* Begin PBXFileReference section */
		F38D22782360C98D0084BC26 /* Sample3-5.app */ = {isa = PBXFileReference; explicitFileType = wrapper.application; includeInIndex = 0; path = "Sample3-5.app"; sourceTree = BUILT_PRODUCTS_DIR; };
		F38D227B2360C98D0084BC26 /* AppDelegate.swift */ = {isa = PBXFileReference; lastKnownFileType = sourcecode.swift; path = AppDelegate.swift; sourceTree = "<group>"; };
		F38D227D2360C98D0084BC26 /* SceneDelegate.swift */ = {isa = PBXFileReference; lastKnownFileType = sourcecode.swift; path = SceneDelegate.swift; sourceTree = "<group>"; };
		F38D227F2360C98D0084BC26 /* ViewController.swift */ = {isa = PBXFileReference; lastKnownFileType = sourcecode.swift; path = ViewController.swift; sourceTree = "<group>"; };
		F38D22822360C98D0084BC26 /* Base */ = {isa = PBXFileReference; lastKnownFileType = file.storyboard; name = Base; path = Base.lproj/Main.storyboard; sourceTree = "<group>"; };
		F38D22852360C98D0084BC26 /* Sample3_5.xcdatamodel */ = {isa = PBXFileReference; lastKnownFileType = wrapper.xcdatamodel; path = Sample3_5.xcdatamodel; sourceTree = "<group>"; };
		F38D22872360C98F0084BC26 /* Assets.xcassets */ = {isa = PBXFileReference; lastKnownFileType = folder.assetcatalog; path = Assets.xcassets; sourceTree = "<group>"; };
		F38D228A2360C98F0084BC26 /* Base */ = {isa = PBXFileReference; lastKnownFileType = file.storyboard; name = Base; path = Base.lproj/LaunchScreen.storyboard; sourceTree = "<group>"; };
		F38D228C2360C98F0084BC26 /* Info.plist */ = {isa = PBXFileReference; lastKnownFileType = text.plist.xml; path = Info.plist; sourceTree = "<group>"; };
		F38D22922360CA8A0084BC26 /* View1.swift */ = {isa = PBXFileReference; lastKnownFileType = sourcecode.swift; path = View1.swift; sourceTree = "<group>"; };
/* End PBXFileReference section */

/* Begin PBXFrameworksBuildPhase section */
		F38D22752360C98D0084BC26 /* Frameworks */ = {
			isa = PBXFrameworksBuildPhase;
			buildActionMask = 2147483647;
			files = (
			);
			runOnlyForDeploymentPostprocessing = 0;
		};
/* End PBXFrameworksBuildPhase section */

/* Begin PBXGroup section */
		F38D226F2360C98D0084BC26 = {
			isa = PBXGroup;
			children = (
				F38D227A2360C98D0084BC26 /* Sample3-5 */,
				F38D22792360C98D0084BC26 /* Products */,
			);
			sourceTree = "<group>";
		};
		F38D22792360C98D0084BC26 /* Products */ = {
			isa = PBXGroup;
			children = (
				F38D22782360C98D0084BC26 /* Sample3-5.app */,
			);
			name = Products;
			sourceTree = "<group>";
		};
		F38D227A2360C98D0084BC26 /* Sample3-5 */ = {
			isa = PBXGroup;
			children = (
				F38D227B2360C98D0084BC26 /* AppDelegate.swift */,
				F38D227D2360C98D0084BC26 /* SceneDelegate.swift */,
				F38D227F2360C98D0084BC26 /* ViewController.swift */,
				F38D22922360CA8A0084BC26 /* View1.swift */,
				F38D22812360C98D0084BC26 /* Main.storyboard */,
				F38D22872360C98F0084BC26 /* Assets.xcassets */,
				F38D22892360C98F0084BC26 /* LaunchScreen.storyboard */,
				F38D228C2360C98F0084BC26 /* Info.plist */,
				F38D22842360C98D0084BC26 /* Sample3_5.xcdatamodeld */,
			);
			path = "Sample3-5";
			sourceTree = "<group>";
		};
/* End PBXGroup section */

/* Begin PBXNativeTarget section */
		F38D22772360C98D0084BC26 /* Sample3-5 */ = {
			isa = PBXNativeTarget;
			buildConfigurationList = F38D228F2360C98F0084BC26 /* Build configuration list for PBXNativeTarget "Sample3-5" */;
			buildPhases = (
				F38D22742360C98D0084BC26 /* Sources */,
				F38D22752360C98D0084BC26 /* Frameworks */,
				F38D22762360C98D0084BC26 /* Resources */,
			);
			buildRules = (
			);
			dependencies = (
			);
			name = "Sample3-5";
			productName = "Sample3-5";
			productReference = F38D22782360C98D0084BC26 /* Sample3-5.app */;
			productType = "com.apple.product-type.application";
		};
/* End PBXNativeTarget section */

/* Begin PBXProject section */
		F38D22702360C98D0084BC26 /* Project object */ = {
			isa = PBXProject;
			attributes = {
				LastSwiftUpdateCheck = 1110;
				LastUpgradeCheck = 1110;
				ORGANIZATIONNAME = "新納真次郎";
				TargetAttributes = {
					F38D22772360C98D0084BC26 = {
						CreatedOnToolsVersion = 11.1;
					};
				};
			};
			buildConfigurationList = F38D22732360C98D0084BC26 /* Build configuration list for PBXProject "Sample3-5" */;
			compatibilityVersion = "Xcode 9.3";
			developmentRegion = en;
			hasScannedForEncodings = 0;
			knownRegions = (
				en,
				Base,
			);
			mainGroup = F38D226F2360C98D0084BC26;
			productRefGroup = F38D22792360C98D0084BC26 /* Products */;
			projectDirPath = "";
			projectRoot = "";
			targets = (
				F38D22772360C98D0084BC26 /* Sample3-5 */,
			);
		};
/* End PBXProject section */

/* Begin PBXResourcesBuildPhase section */
		F38D22762360C98D0084BC26 /* Resources */ = {
			isa = PBXResourcesBuildPhase;
			buildActionMask = 2147483647;
			files = (
				F38D228B2360C98F0084BC26 /* LaunchScreen.storyboard in Resources */,
				F38D22882360C98F0084BC26 /* Assets.xcassets in Resources */,
				F38D22832360C98D0084BC26 /* Main.storyboard in Resources */,
			);
			runOnlyForDeploymentPostprocessing = 0;
		};
/* End PBXResourcesBuildPhase section */

/* Begin PBXSourcesBuildPhase section */
		F38D22742360C98D0084BC26 /* Sources */ = {
			isa = PBXSourcesBuildPhase;
			buildActionMask = 2147483647;
			files = (
				F38D22802360C98D0084BC26 /* ViewController.swift in Sources */,
				F38D227C2360C98D0084BC26 /* AppDelegate.swift in Sources */,
				F38D227E2360C98D0084BC26 /* SceneDelegate.swift in Sources */,
				F38D22862360C98D0084BC26 /* Sample3_5.xcdatamodeld in Sources */,
				F38D22932360CA8A0084BC26 /* View1.swift in Sources */,
			);
			runOnlyForDeploymentPostprocessing = 0;
		};
/* End PBXSourcesBuildPhase section */

/* Begin PBXVariantGroup section */
		F38D22812360C98D0084BC26 /* Main.storyboard */ = {
			isa = PBXVariantGroup;
			children = (
				F38D22822360C98D0084BC26 /* Base */,
			);
			name = Main.storyboard;
			sourceTree = "<group>";
		};
		F38D22892360C98F0084BC26 /* LaunchScreen.storyboard */ = {
			isa = PBXVariantGroup;
			children = (
				F38D228A2360C98F0084BC26 /* Base */,
			);
			name = LaunchScreen.storyboard;
			sourceTree = "<group>";
		};
/* End PBXVariantGroup section */

/* Begin XCBuildConfiguration section */
		F38D228D2360C98F0084BC26 /* Debug */ = {
			isa = XCBuildConfiguration;
			buildSettings = {
				ALWAYS_SEARCH_USER_PATHS = NO;
				CLANG_ANALYZER_NONNULL = YES;
				CLANG_ANALYZER_NUMBER_OBJECT_CONVERSION = YES_AGGRESSIVE;
				CLANG_CXX_LANGUAGE_STANDARD = "gnu++14";
				CLANG_CXX_LIBRARY = "libc++";
				CLANG_ENABLE_MODULES = YES;
				CLANG_ENABLE_OBJC_ARC = YES;
				CLANG_ENABLE_OBJC_WEAK = YES;
				CLANG_WARN_BLOCK_CAPTURE_AUTORELEASING = YES;
				CLANG_WARN_BOOL_CONVERSION = YES;
				CLANG_WARN_COMMA = YES;
				CLANG_WARN_CONSTANT_CONVERSION = YES;
				CLANG_WARN_DEPRECATED_OBJC_IMPLEMENTATIONS = YES;
				CLANG_WARN_DIRECT_OBJC_ISA_USAGE = YES_ERROR;
				CLANG_WARN_DOCUMENTATION_COMMENTS = YES;
				CLANG_WARN_EMPTY_BODY = YES;
				CLANG_WARN_ENUM_CONVERSION = YES;
				CLANG_WARN_INFINITE_RECURSION = YES;
				CLANG_WARN_INT_CONVERSION = YES;
				CLANG_WARN_NON_LITERAL_NULL_CONVERSION = YES;
				CLANG_WARN_OBJC_IMPLICIT_RETAIN_SELF = YES;
				CLANG_WARN_OBJC_LITERAL_CONVERSION = YES;
				CLANG_WARN_OBJC_ROOT_CLASS = YES_ERROR;
				CLANG_WARN_RANGE_LOOP_ANALYSIS = YES;
				CLANG_WARN_STRICT_PROTOTYPES = YES;
				CLANG_WARN_SUSPICIOUS_MOVE = YES;
				CLANG_WARN_UNGUARDED_AVAILABILITY = YES_AGGRESSIVE;
				CLANG_WARN_UNREACHABLE_CODE = YES;
				CLANG_WARN__DUPLICATE_METHOD_MATCH = YES;
				COPY_PHASE_STRIP = NO;
				DEBUG_INFORMATION_FORMAT = dwarf;
				ENABLE_STRICT_OBJC_MSGSEND = YES;
				ENABLE_TESTABILITY = YES;
				GCC_C_LANGUAGE_STANDARD = gnu11;
				GCC_DYNAMIC_NO_PIC = NO;
				GCC_NO_COMMON_BLOCKS = YES;
				GCC_OPTIMIZATION_LEVEL = 0;
				GCC_PREPROCESSOR_DEFINITIONS = (
					"DEBUG=1",
					"$(inherited)",
				);
				GCC_WARN_64_TO_32_BIT_CONVERSION = YES;
				GCC_WARN_ABOUT_RETURN_TYPE = YES_ERROR;
				GCC_WARN_UNDECLARED_SELECTOR = YES;
				GCC_WARN_UNINITIALIZED_AUTOS = YES_AGGRESSIVE;
				GCC_WARN_UNUSED_FUNCTION = YES;
				GCC_WARN_UNUSED_VARIABLE = YES;
				IPHONEOS_DEPLOYMENT_TARGET = 13.1;
				MTL_ENABLE_DEBUG_INFO = INCLUDE_SOURCE;
				MTL_FAST_MATH = YES;
				ONLY_ACTIVE_ARCH = YES;
				SDKROOT = iphoneos;
				SWIFT_ACTIVE_COMPILATION_CONDITIONS = DEBUG;
				SWIFT_OPTIMIZATION_LEVEL = "-Onone";
			};
			name = Debug;
		};
		F38D228E2360C98F0084BC26 /* Release */ = {
			isa = XCBuildConfiguration;
			buildSettings = {
				ALWAYS_SEARCH_USER_PATHS = NO;
				CLANG_ANALYZER_NONNULL = YES;
				CLANG_ANALYZER_NUMBER_OBJECT_CONVERSION = YES_AGGRESSIVE;
				CLANG_CXX_LANGUAGE_STANDARD = "gnu++14";
				CLANG_CXX_LIBRARY = "libc++";
				CLANG_ENABLE_MODULES = YES;
				CLANG_ENABLE_OBJC_ARC = YES;
				CLANG_ENABLE_OBJC_WEAK = YES;
				CLANG_WARN_BLOCK_CAPTURE_AUTORELEASING = YES;
				CLANG_WARN_BOOL_CONVERSION = YES;
				CLANG_WARN_COMMA = YES;
				CLANG_WARN_CONSTANT_CONVERSION = YES;
				CLANG_WARN_DEPRECATED_OBJC_IMPLEMENTATIONS = YES;
				CLANG_WARN_DIRECT_OBJC_ISA_USAGE = YES_ERROR;
				CLANG_WARN_DOCUMENTATION_COMMENTS = YES;
				CLANG_WARN_EMPTY_BODY = YES;
				CLANG_WARN_ENUM_CONVERSION = YES;
				CLANG_WARN_INFINITE_RECURSION = YES;
				CLANG_WARN_INT_CONVERSION = YES;
				CLANG_WARN_NON_LITERAL_NULL_CONVERSION = YES;
				CLANG_WARN_OBJC_IMPLICIT_RETAIN_SELF = YES;
				CLANG_WARN_OBJC_LITERAL_CONVERSION = YES;
				CLANG_WARN_OBJC_ROOT_CLASS = YES_ERROR;
				CLANG_WARN_RANGE_LOOP_ANALYSIS = YES;
				CLANG_WARN_STRICT_PROTOTYPES = YES;
				CLANG_WARN_SUSPICIOUS_MOVE = YES;
				CLANG_WARN_UNGUARDED_AVAILABILITY = YES_AGGRESSIVE;
				CLANG_WARN_UNREACHABLE_CODE = YES;
				CLANG_WARN__DUPLICATE_METHOD_MATCH = YES;
				COPY_PHASE_STRIP = NO;
				DEBUG_INFORMATION_FORMAT = "dwarf-with-dsym";
				ENABLE_NS_ASSERTIONS = NO;
				ENABLE_STRICT_OBJC_MSGSEND = YES;
				GCC_C_LANGUAGE_STANDARD = gnu11;
				GCC_NO_COMMON_BLOCKS = YES;
				GCC_WARN_64_TO_32_BIT_CONVERSION = YES;
				GCC_WARN_ABOUT_RETURN_TYPE = YES_ERROR;
				GCC_WARN_UNDECLARED_SELECTOR = YES;
				GCC_WARN_UNINITIALIZED_AUTOS = YES_AGGRESSIVE;
				GCC_WARN_UNUSED_FUNCTION = YES;
				GCC_WARN_UNUSED_VARIABLE = YES;
				IPHONEOS_DEPLOYMENT_TARGET = 13.1;
				MTL_ENABLE_DEBUG_INFO = NO;
				MTL_FAST_MATH = YES;
				SDKROOT = iphoneos;
				SWIFT_COMPILATION_MODE = wholemodule;
				SWIFT_OPTIMIZATION_LEVEL = "-O";
				VALIDATE_PRODUCT = YES;
			};
			name = Release;
		};
		F38D22902360C98F0084BC26 /* Debug */ = {
			isa = XCBuildConfiguration;
			buildSettings = {
				ASSETCATALOG_COMPILER_APPICON_NAME = AppIcon;
				CODE_SIGN_STYLE = Automatic;
				DEVELOPMENT_TEAM = T8YPT438X6;
				INFOPLIST_FILE = "Sample3-5/Info.plist";
				LD_RUNPATH_SEARCH_PATHS = (
					"$(inherited)",
					"@executable_path/Frameworks",
				);
				PRODUCT_BUNDLE_IDENTIFIER = "Nakamura-labProject.Sample3-5";
				PRODUCT_NAME = "$(TARGET_NAME)";
				SWIFT_VERSION = 5.0;
				TARGETED_DEVICE_FAMILY = "1,2";
			};
			name = Debug;
		};
		F38D22912360C98F0084BC26 /* Release */ = {
			isa = XCBuildConfiguration;
			buildSettings = {
				ASSETCATALOG_COMPILER_APPICON_NAME = AppIcon;
				CODE_SIGN_STYLE = Automatic;
				DEVELOPMENT_TEAM = T8YPT438X6;
				INFOPLIST_FILE = "Sample3-5/Info.plist";
				LD_RUNPATH_SEARCH_PATHS = (
					"$(inherited)",
					"@executable_path/Frameworks",
				);
				PRODUCT_BUNDLE_IDENTIFIER = "Nakamura-labProject.Sample3-5";
				PRODUCT_NAME = "$(TARGET_NAME)";
				SWIFT_VERSION = 5.0;
				TARGETED_DEVICE_FAMILY = "1,2";
			};
			name = Release;
		};
/* End XCBuildConfiguration section */

/* Begin XCConfigurationList section */
		F38D22732360C98D0084BC26 /* Build configuration list for PBXProject "Sample3-5" */ = {
			isa = XCConfigurationList;
			buildConfigurations = (
				F38D228D2360C98F0084BC26 /* Debug */,
				F38D228E2360C98F0084BC26 /* Release */,
			);
			defaultConfigurationIsVisible = 0;
			defaultConfigurationName = Release;
		};
		F38D228F2360C98F0084BC26 /* Build configuration list for PBXNativeTarget "Sample3-5" */ = {
			isa = XCConfigurationList;
			buildConfigurations = (
				F38D22902360C98F0084BC26 /* Debug */,
				F38D22912360C98F0084BC26 /* Release */,
			);
			defaultConfigurationIsVisible = 0;
			defaultConfigurationName = Release;
		};
/* End XCConfigurationList section */

/* Begin XCVersionGroup section */
		F38D22842360C98D0084BC26 /* Sample3_5.xcdatamodeld */ = {
			isa = XCVersionGroup;
			children = (
				F38D22852360C98D0084BC26 /* Sample3_5.xcdatamodel */,
			);
			currentVersion = F38D22852360C98D0084BC26 /* Sample3_5.xcdatamodel */;
			path = Sample3_5.xcdatamodeld;
			sourceTree = "<group>";
			versionGroupType = wrapper.xcdatamodel;
		};
/* End XCVersionGroup section */
	};
	rootObject = F38D22702360C98D0084BC26 /* Project object */;
}
